<?xml version="1.0" encoding="utf-8"?>
<Project ToolsVersion="4.0" xmlns="http://schemas.microsoft.com/developer/msbuild/2003">
  <ItemGroup>
    <Filter Include="Modules">
      <UniqueIdentifier>{7404d190-891f-4aaa-bf28-0609a67dd892}</UniqueIdentifier>
    </Filter>
    <Filter Include="Core">
      <UniqueIdentifier>{8747874e-3387-420f-9a3f-b26fc157a533}</UniqueIdentifier>
    </Filter>
    <Filter Include="Utilities">
      <UniqueIdentifier>{cbba00b4-48e2-4547-8697-093bcb89a9f0}</UniqueIdentifier>
    </Filter>
    <Filter Include="Utilities\PugiXML">
      <UniqueIdentifier>{f4b42e4d-470f-4ed4-991e-5e89c1870b31}</UniqueIdentifier>
    </Filter>
    <Filter Include="GUI">
      <UniqueIdentifier>{336ef45f-5c99-4f92-9e84-a5722bf3e5bb}</UniqueIdentifier>
    </Filter>
    <Filter Include="Entities">
      <UniqueIdentifier>{3db40ce5-4970-4393-9b25-fd42c9a18ba3}</UniqueIdentifier>
    </Filter>
    <Filter Include="Entities\Characters">
      <UniqueIdentifier>{31c555d3-371d-4a88-991f-ea45196598fd}</UniqueIdentifier>
    </Filter>
    <Filter Include="Entities\Characters\Warrior">
      <UniqueIdentifier>{f338f467-b14e-430d-8036-1adb35f43673}</UniqueIdentifier>
    </Filter>
    <Filter Include="Entities\Player">
      <UniqueIdentifier>{b14fe0f2-f8df-4d41-b258-91a5b71ec428}</UniqueIdentifier>
    </Filter>
  </ItemGroup>
  <ItemGroup>
    <ClCompile Include="Main.cpp">
      <Filter>Core</Filter>
    </ClCompile>
    <ClCompile Include="Application.cpp">
      <Filter>Core</Filter>
    </ClCompile>
    <ClCompile Include="Timer.cpp">
      <Filter>Utilities</Filter>
    </ClCompile>
    <ClCompile Include="PerfTimer.cpp">
      <Filter>Utilities</Filter>
    </ClCompile>
    <ClCompile Include="ProjDefs.cpp">
      <Filter>Utilities</Filter>
    </ClCompile>
    <ClCompile Include="mdWindow.cpp">
      <Filter>Modules</Filter>
    </ClCompile>
    <ClCompile Include="DebLog.cpp">
      <Filter>Utilities</Filter>
    </ClCompile>
    <ClCompile Include="mdFilesystem.cpp">
      <Filter>Modules</Filter>
    </ClCompile>
    <ClCompile Include="pugixml\pugixml.cpp">
      <Filter>Utilities\PugiXML</Filter>
    </ClCompile>
    <ClCompile Include="mdInput.cpp">
      <Filter>Modules</Filter>
    </ClCompile>
    <ClCompile Include="mdRender.cpp">
      <Filter>Modules</Filter>
    </ClCompile>
    <ClCompile Include="mdTextures.cpp">
      <Filter>Modules</Filter>
    </ClCompile>
    <ClCompile Include="mdCollision.cpp">
      <Filter>Modules</Filter>
    </ClCompile>
    <ClCompile Include="mdEntities.cpp">
      <Filter>Modules</Filter>
    </ClCompile>
    <ClCompile Include="Player.cpp">
      <Filter>Entities\Player</Filter>
    </ClCompile>
    <ClCompile Include="Warrior.cpp">
      <Filter>Entities\Characters\Warrior</Filter>
    </ClCompile>
    <ClCompile Include="Character.cpp">
      <Filter>Entities\Characters</Filter>
    </ClCompile>
    <ClCompile Include="mdAudio.cpp">
      <Filter>Modules</Filter>
    </ClCompile>
    <ClCompile Include="mdGuiManager.cpp">
      <Filter>Modules</Filter>
    </ClCompile>
    <ClCompile Include="mdFonts.cpp">
      <Filter>Modules</Filter>
    </ClCompile>
    <ClCompile Include="Widgets.cpp">
      <Filter>GUI</Filter>
    </ClCompile>
    <ClCompile Include="Labels.cpp">
      <Filter>GUI</Filter>
    </ClCompile>
    <ClCompile Include="Buttons.cpp">
      <Filter>GUI</Filter>
    </ClCompile>
    <ClCompile Include="Bars.cpp">
      <Filter>GUI</Filter>
    </ClCompile>
    <ClCompile Include="mdMap.cpp">
      <Filter>Modules</Filter>
    </ClCompile>
    <ClCompile Include="mdProjectiles.cpp">
      <Filter>Modules</Filter>
    </ClCompile>
  </ItemGroup>
  <ItemGroup>
    <ClInclude Include="Application.h">
      <Filter>Core</Filter>
    </ClInclude>
    <ClInclude Include="Module.h">
      <Filter>Core</Filter>
    </ClInclude>
    <ClInclude Include="ProjDefs.h">
      <Filter>Utilities</Filter>
    </ClInclude>
    <ClInclude Include="DebLog.h">
      <Filter>Utilities</Filter>
    </ClInclude>
    <ClInclude Include="PerfTimer.h">
      <Filter>Utilities</Filter>
    </ClInclude>
    <ClInclude Include="Timer.h">
      <Filter>Utilities</Filter>
    </ClInclude>
    <ClInclude Include="mdWindow.h">
      <Filter>Modules</Filter>
    </ClInclude>
    <ClInclude Include="mdFilesystem.h">
      <Filter>Modules</Filter>
    </ClInclude>
    <ClInclude Include="pugixml\pugiconfig.hpp">
      <Filter>Utilities\PugiXML</Filter>
    </ClInclude>
    <ClInclude Include="pugixml\pugixml.hpp">
      <Filter>Utilities\PugiXML</Filter>
    </ClInclude>
    <ClInclude Include="mdInput.h">
      <Filter>Modules</Filter>
    </ClInclude>
    <ClInclude Include="mdRender.h">
      <Filter>Modules</Filter>
    </ClInclude>
    <ClInclude Include="mdTextures.h">
      <Filter>Modules</Filter>
    </ClInclude>
    <ClInclude Include="mdEntities.h">
      <Filter>Modules</Filter>
    </ClInclude>
    <ClInclude Include="Player.h">
      <Filter>Entities\Player</Filter>
    </ClInclude>
    <ClInclude Include="Warrior.h">
      <Filter>Entities\Characters\Warrior</Filter>
    </ClInclude>
    <ClInclude Include="Animation.h">
      <Filter>Utilities</Filter>
    </ClInclude>
    <ClInclude Include="Character.h">
      <Filter>Entities\Characters</Filter>
    </ClInclude>
    <ClInclude Include="mdAudio.h">
      <Filter>Modules</Filter>
    </ClInclude>
    <ClInclude Include="mdGuiManager.h">
      <Filter>Modules</Filter>
    </ClInclude>
    <ClInclude Include="mdFonts.h">
      <Filter>Modules</Filter>
    </ClInclude>
    <ClInclude Include="Widgets.h">
      <Filter>GUI</Filter>
    </ClInclude>
    <ClInclude Include="Labels.h">
      <Filter>GUI</Filter>
    </ClInclude>
    <ClInclude Include="Buttons.h">
      <Filter>GUI</Filter>
    </ClInclude>
    <ClInclude Include="Bars.h">
      <Filter>GUI</Filter>
    </ClInclude>
    <ClInclude Include="mdMap.h">
      <Filter>Modules</Filter>
    </ClInclude>
    <ClInclude Include="p2Point.h">
      <Filter>Utilities</Filter>
    </ClInclude>
    <ClInclude Include="mdCollision.h">
      <Filter>Modules</Filter>
    </ClInclude>
    <ClInclude Include="mdProjectiles.h">
      <Filter>Modules</Filter>
    </ClInclude>
  </ItemGroup>
</Project>